
Microsoft Visual Studio Solution File, Format Version 12.00
Project("{FAE04EC0-301F-11D3-BF4B-00C04F79EFBC}") = "DSALearning", "DSALearning\DSALearning.csproj", "{5E5C805C-C417-4E8B-BC4F-CD914366D735}"
EndProject
Project("{FAE04EC0-301F-11D3-BF4B-00C04F79EFBC}") = "WarmUp", "WarmUp\WarmUp.csproj", "{53A1C361-92D1-4705-A7BF-272DB5B72D98}"
EndProject
Project("{FAE04EC0-301F-11D3-BF4B-00C04F79EFBC}") = "TwoPointers", "TwoPointers\TwoPointers.csproj", "{184C0591-B839-442C-A05C-E6527FCF0671}"
EndProject
Project("{FAE04EC0-301F-11D3-BF4B-00C04F79EFBC}") = "MergeIntervals", "MergeIntervals\MergeIntervals.csproj", "{D25A38E2-BE7F-4339-B110-42F119B2FFFE}"
EndProject
Project("{FAE04EC0-301F-11D3-BF4B-00C04F79EFBC}") = "CyclicSort", "CyclicSort\CyclicSort.csproj", "{3EAD65F2-821F-4F26-B852-33BF2A1990ED}"
EndProject
Project("{FAE04EC0-301F-11D3-BF4B-00C04F79EFBC}") = "SlidingWindow", "SlidingWindow\SlidingWindow.csproj", "{BD0CA2E9-BC13-4DF3-884C-A07575C4D878}"
EndProject
Project("{FAE04EC0-301F-11D3-BF4B-00C04F79EFBC}") = "Recursion", "Recursion\Recursion.csproj", "{3A62AFDB-B4A0-4A77-ACBB-BF260AE9FE49}"
EndProject
Project("{FAE04EC0-301F-11D3-BF4B-00C04F79EFBC}") = "BinarySearch", "BinarySearch\BinarySearch.csproj", "{DBE95483-9DD9-44F8-B296-227C41723F22}"
EndProject
Project("{FAE04EC0-301F-11D3-BF4B-00C04F79EFBC}") = "Stacks", "Stacks\Stacks.csproj", "{D7CB1B58-7C26-4087-B8C4-DD836CB6B457}"
EndProject
Project("{FAE04EC0-301F-11D3-BF4B-00C04F79EFBC}") = "BinaryTree", "BinaryTree\BinaryTree.csproj", "{401FB507-22D1-4DAE-9808-240A8AC9B1CB}"
EndProject
Project("{FAE04EC0-301F-11D3-BF4B-00C04F79EFBC}") = "LinkedLists", "LinkedLists\LinkedLists.csproj", "{34818C72-F001-4961-93AF-3880F45F8A6F}"
EndProject
Project("{FAE04EC0-301F-11D3-BF4B-00C04F79EFBC}") = "Graph", "Graph\Graph.csproj", "{6C57C8A2-3F93-4660-9BB6-4FC41ADD73B6}"
EndProject
Project("{FAE04EC0-301F-11D3-BF4B-00C04F79EFBC}") = "Tries", "Tries\Tries.csproj", "{1EA85620-D106-4829-811F-28B5FBB041FD}"
EndProject
Project("{FAE04EC0-301F-11D3-BF4B-00C04F79EFBC}") = "BackTracking", "BackTracking\BackTracking.csproj", "{B66647FE-1510-4E27-B303-BB6FF9B3CACB}"
EndProject
Project("{FAE04EC0-301F-11D3-BF4B-00C04F79EFBC}") = "SlowFastPointer", "SlowFastPointer\SlowFastPointer.csproj", "{4BBAD670-7B44-4CAE-AF50-6F4E9681578D}"
EndProject
Project("{FAE04EC0-301F-11D3-BF4B-00C04F79EFBC}") = "Heap", "Heap\Heap.csproj", "{89D5585E-871C-4389-B936-066A6A47477A}"
EndProject
Global
	GlobalSection(SolutionConfigurationPlatforms) = preSolution
		Debug|Any CPU = Debug|Any CPU
		Release|Any CPU = Release|Any CPU
	EndGlobalSection
	GlobalSection(ProjectConfigurationPlatforms) = postSolution
		{5E5C805C-C417-4E8B-BC4F-CD914366D735}.Debug|Any CPU.ActiveCfg = Debug|Any CPU
		{5E5C805C-C417-4E8B-BC4F-CD914366D735}.Debug|Any CPU.Build.0 = Debug|Any CPU
		{5E5C805C-C417-4E8B-BC4F-CD914366D735}.Release|Any CPU.ActiveCfg = Release|Any CPU
		{5E5C805C-C417-4E8B-BC4F-CD914366D735}.Release|Any CPU.Build.0 = Release|Any CPU
		{53A1C361-92D1-4705-A7BF-272DB5B72D98}.Debug|Any CPU.ActiveCfg = Debug|Any CPU
		{53A1C361-92D1-4705-A7BF-272DB5B72D98}.Debug|Any CPU.Build.0 = Debug|Any CPU
		{53A1C361-92D1-4705-A7BF-272DB5B72D98}.Release|Any CPU.ActiveCfg = Release|Any CPU
		{53A1C361-92D1-4705-A7BF-272DB5B72D98}.Release|Any CPU.Build.0 = Release|Any CPU
		{184C0591-B839-442C-A05C-E6527FCF0671}.Debug|Any CPU.ActiveCfg = Debug|Any CPU
		{184C0591-B839-442C-A05C-E6527FCF0671}.Debug|Any CPU.Build.0 = Debug|Any CPU
		{184C0591-B839-442C-A05C-E6527FCF0671}.Release|Any CPU.ActiveCfg = Release|Any CPU
		{184C0591-B839-442C-A05C-E6527FCF0671}.Release|Any CPU.Build.0 = Release|Any CPU
		{D25A38E2-BE7F-4339-B110-42F119B2FFFE}.Debug|Any CPU.ActiveCfg = Debug|Any CPU
		{D25A38E2-BE7F-4339-B110-42F119B2FFFE}.Debug|Any CPU.Build.0 = Debug|Any CPU
		{D25A38E2-BE7F-4339-B110-42F119B2FFFE}.Release|Any CPU.ActiveCfg = Release|Any CPU
		{D25A38E2-BE7F-4339-B110-42F119B2FFFE}.Release|Any CPU.Build.0 = Release|Any CPU
		{3EAD65F2-821F-4F26-B852-33BF2A1990ED}.Debug|Any CPU.ActiveCfg = Debug|Any CPU
		{3EAD65F2-821F-4F26-B852-33BF2A1990ED}.Debug|Any CPU.Build.0 = Debug|Any CPU
		{3EAD65F2-821F-4F26-B852-33BF2A1990ED}.Release|Any CPU.ActiveCfg = Release|Any CPU
		{3EAD65F2-821F-4F26-B852-33BF2A1990ED}.Release|Any CPU.Build.0 = Release|Any CPU
		{BD0CA2E9-BC13-4DF3-884C-A07575C4D878}.Debug|Any CPU.ActiveCfg = Debug|Any CPU
		{BD0CA2E9-BC13-4DF3-884C-A07575C4D878}.Debug|Any CPU.Build.0 = Debug|Any CPU
		{BD0CA2E9-BC13-4DF3-884C-A07575C4D878}.Release|Any CPU.ActiveCfg = Release|Any CPU
		{BD0CA2E9-BC13-4DF3-884C-A07575C4D878}.Release|Any CPU.Build.0 = Release|Any CPU
		{3A62AFDB-B4A0-4A77-ACBB-BF260AE9FE49}.Debug|Any CPU.ActiveCfg = Debug|Any CPU
		{3A62AFDB-B4A0-4A77-ACBB-BF260AE9FE49}.Debug|Any CPU.Build.0 = Debug|Any CPU
		{3A62AFDB-B4A0-4A77-ACBB-BF260AE9FE49}.Release|Any CPU.ActiveCfg = Release|Any CPU
		{3A62AFDB-B4A0-4A77-ACBB-BF260AE9FE49}.Release|Any CPU.Build.0 = Release|Any CPU
		{DBE95483-9DD9-44F8-B296-227C41723F22}.Debug|Any CPU.ActiveCfg = Debug|Any CPU
		{DBE95483-9DD9-44F8-B296-227C41723F22}.Debug|Any CPU.Build.0 = Debug|Any CPU
		{DBE95483-9DD9-44F8-B296-227C41723F22}.Release|Any CPU.ActiveCfg = Release|Any CPU
		{DBE95483-9DD9-44F8-B296-227C41723F22}.Release|Any CPU.Build.0 = Release|Any CPU
		{D7CB1B58-7C26-4087-B8C4-DD836CB6B457}.Debug|Any CPU.ActiveCfg = Debug|Any CPU
		{D7CB1B58-7C26-4087-B8C4-DD836CB6B457}.Debug|Any CPU.Build.0 = Debug|Any CPU
		{D7CB1B58-7C26-4087-B8C4-DD836CB6B457}.Release|Any CPU.ActiveCfg = Release|Any CPU
		{D7CB1B58-7C26-4087-B8C4-DD836CB6B457}.Release|Any CPU.Build.0 = Release|Any CPU
		{401FB507-22D1-4DAE-9808-240A8AC9B1CB}.Debug|Any CPU.ActiveCfg = Debug|Any CPU
		{401FB507-22D1-4DAE-9808-240A8AC9B1CB}.Debug|Any CPU.Build.0 = Debug|Any CPU
		{401FB507-22D1-4DAE-9808-240A8AC9B1CB}.Release|Any CPU.ActiveCfg = Release|Any CPU
		{401FB507-22D1-4DAE-9808-240A8AC9B1CB}.Release|Any CPU.Build.0 = Release|Any CPU
		{34818C72-F001-4961-93AF-3880F45F8A6F}.Debug|Any CPU.ActiveCfg = Debug|Any CPU
		{34818C72-F001-4961-93AF-3880F45F8A6F}.Debug|Any CPU.Build.0 = Debug|Any CPU
		{34818C72-F001-4961-93AF-3880F45F8A6F}.Release|Any CPU.ActiveCfg = Release|Any CPU
		{34818C72-F001-4961-93AF-3880F45F8A6F}.Release|Any CPU.Build.0 = Release|Any CPU
		{6C57C8A2-3F93-4660-9BB6-4FC41ADD73B6}.Debug|Any CPU.ActiveCfg = Debug|Any CPU
		{6C57C8A2-3F93-4660-9BB6-4FC41ADD73B6}.Debug|Any CPU.Build.0 = Debug|Any CPU
		{6C57C8A2-3F93-4660-9BB6-4FC41ADD73B6}.Release|Any CPU.ActiveCfg = Release|Any CPU
		{6C57C8A2-3F93-4660-9BB6-4FC41ADD73B6}.Release|Any CPU.Build.0 = Release|Any CPU
		{1EA85620-D106-4829-811F-28B5FBB041FD}.Debug|Any CPU.ActiveCfg = Debug|Any CPU
		{1EA85620-D106-4829-811F-28B5FBB041FD}.Debug|Any CPU.Build.0 = Debug|Any CPU
		{1EA85620-D106-4829-811F-28B5FBB041FD}.Release|Any CPU.ActiveCfg = Release|Any CPU
		{1EA85620-D106-4829-811F-28B5FBB041FD}.Release|Any CPU.Build.0 = Release|Any CPU
		{B66647FE-1510-4E27-B303-BB6FF9B3CACB}.Debug|Any CPU.ActiveCfg = Debug|Any CPU
		{B66647FE-1510-4E27-B303-BB6FF9B3CACB}.Debug|Any CPU.Build.0 = Debug|Any CPU
		{B66647FE-1510-4E27-B303-BB6FF9B3CACB}.Release|Any CPU.ActiveCfg = Release|Any CPU
		{B66647FE-1510-4E27-B303-BB6FF9B3CACB}.Release|Any CPU.Build.0 = Release|Any CPU
		{4BBAD670-7B44-4CAE-AF50-6F4E9681578D}.Debug|Any CPU.ActiveCfg = Debug|Any CPU
		{4BBAD670-7B44-4CAE-AF50-6F4E9681578D}.Debug|Any CPU.Build.0 = Debug|Any CPU
		{4BBAD670-7B44-4CAE-AF50-6F4E9681578D}.Release|Any CPU.ActiveCfg = Release|Any CPU
		{4BBAD670-7B44-4CAE-AF50-6F4E9681578D}.Release|Any CPU.Build.0 = Release|Any CPU
		{89D5585E-871C-4389-B936-066A6A47477A}.Debug|Any CPU.ActiveCfg = Debug|Any CPU
		{89D5585E-871C-4389-B936-066A6A47477A}.Debug|Any CPU.Build.0 = Debug|Any CPU
		{89D5585E-871C-4389-B936-066A6A47477A}.Release|Any CPU.ActiveCfg = Release|Any CPU
		{89D5585E-871C-4389-B936-066A6A47477A}.Release|Any CPU.Build.0 = Release|Any CPU
	EndGlobalSection
EndGlobal
